
Microsoft Visual Studio Solution File, Format Version 12.00
# Visual Studio Version 16
VisualStudioVersion = 16.0.31105.61
MinimumVisualStudioVersion = 10.0.40219.1
Project("{00D1A9C2-B5F0-4AF3-8072-F6C62B433612}") = "AdventureDemo", "AdventureDemo.sqlproj", "{6B284AAB-DA8D-4F06-9FBC-00E5B6A35EBC}"
EndProject
Global
	GlobalSection(SolutionConfigurationPlatforms) = preSolution
		Debug|Any CPU = Debug|Any CPU
		Release|Any CPU = Release|Any CPU
	EndGlobalSection
	GlobalSection(ProjectConfigurationPlatforms) = postSolution
		{6B284AAB-DA8D-4F06-9FBC-00E5B6A35EBC}.Debug|Any CPU.ActiveCfg = Debug|Any CPU
		{6B284AAB-DA8D-4F06-9FBC-00E5B6A35EBC}.Debug|Any CPU.Build.0 = Debug|Any CPU
		{6B284AAB-DA8D-4F06-9FBC-00E5B6A35EBC}.Debug|Any CPU.Deploy.0 = Debug|Any CPU
		{6B284AAB-DA8D-4F06-9FBC-00E5B6A35EBC}.Release|Any CPU.ActiveCfg = Release|Any CPU
		{6B284AAB-DA8D-4F06-9FBC-00E5B6A35EBC}.Release|Any CPU.Build.0 = Release|Any CPU
		{6B284AAB-DA8D-4F06-9FBC-00E5B6A35EBC}.Release|Any CPU.Deploy.0 = Release|Any CPU
	EndGlobalSection
	GlobalSection(SolutionProperties) = preSolution
		HideSolutionNode = FALSE
	EndGlobalSection
	GlobalSection(ExtensibilityGlobals) = postSolution
		SolutionGuid = {08A007B8-6CA7-4991-B7F3-DFC5B9E49449}
	EndGlobalSection
EndGlobal
